
Microsoft Visual Studio Solution File, Format Version 12.00
# Visual Studio Version 16
VisualStudioVersion = 16.6.30114.105
MinimumVisualStudioVersion = 10.0.40219.1
Project("{2150E333-8FDC-42A3-9474-1A3956D46DE8}") = "src", "src", "{2F32D743-9951-4749-8B8F-933D8ADB08ED}"
EndProject
Project("{FAE04EC0-301F-11D3-BF4B-00C04F79EFBC}") = "Arvan.Api", "src\Arvan.Api\Arvan.Api.csproj", "{2453D17D-B2D3-4208-A114-26F7CE595550}"
EndProject
Global
	GlobalSection(SolutionConfigurationPlatforms) = preSolution
		Debug|Any CPU = Debug|Any CPU
		Debug|x64 = Debug|x64
		Debug|x86 = Debug|x86
		Release|Any CPU = Release|Any CPU
		Release|x64 = Release|x64
		Release|x86 = Release|x86
	EndGlobalSection
	GlobalSection(SolutionProperties) = preSolution
		HideSolutionNode = FALSE
	EndGlobalSection
	GlobalSection(ProjectConfigurationPlatforms) = postSolution
		{2453D17D-B2D3-4208-A114-26F7CE595550}.Debug|Any CPU.ActiveCfg = Debug|Any CPU
		{2453D17D-B2D3-4208-A114-26F7CE595550}.Debug|Any CPU.Build.0 = Debug|Any CPU
		{2453D17D-B2D3-4208-A114-26F7CE595550}.Debug|x64.ActiveCfg = Debug|Any CPU
		{2453D17D-B2D3-4208-A114-26F7CE595550}.Debug|x64.Build.0 = Debug|Any CPU
		{2453D17D-B2D3-4208-A114-26F7CE595550}.Debug|x86.ActiveCfg = Debug|Any CPU
		{2453D17D-B2D3-4208-A114-26F7CE595550}.Debug|x86.Build.0 = Debug|Any CPU
		{2453D17D-B2D3-4208-A114-26F7CE595550}.Release|Any CPU.ActiveCfg = Release|Any CPU
		{2453D17D-B2D3-4208-A114-26F7CE595550}.Release|Any CPU.Build.0 = Release|Any CPU
		{2453D17D-B2D3-4208-A114-26F7CE595550}.Release|x64.ActiveCfg = Release|Any CPU
		{2453D17D-B2D3-4208-A114-26F7CE595550}.Release|x64.Build.0 = Release|Any CPU
		{2453D17D-B2D3-4208-A114-26F7CE595550}.Release|x86.ActiveCfg = Release|Any CPU
		{2453D17D-B2D3-4208-A114-26F7CE595550}.Release|x86.Build.0 = Release|Any CPU
	EndGlobalSection
	GlobalSection(NestedProjects) = preSolution
		{2453D17D-B2D3-4208-A114-26F7CE595550} = {2F32D743-9951-4749-8B8F-933D8ADB08ED}
	EndGlobalSection
EndGlobal
